
Microsoft Visual Studio Solution File, Format Version 12.00
# Visual Studio Version 17
VisualStudioVersion = 17.14.36109.1
MinimumVisualStudioVersion = 10.0.40219.1
Project("{FAE04EC0-301F-11D3-BF4B-00C04F79EFBC}") = "TippPlattformMaui.Shared", "TippPlattformMaui.Shared.csproj", "{21C41351-95A0-B750-8DCA-6CF32D5D5464}"
EndProject
Global
	GlobalSection(SolutionConfigurationPlatforms) = preSolution
		Debug|Any CPU = Debug|Any CPU
		Release|Any CPU = Release|Any CPU
	EndGlobalSection
	GlobalSection(ProjectConfigurationPlatforms) = postSolution
		{21C41351-95A0-B750-8DCA-6CF32D5D5464}.Debug|Any CPU.ActiveCfg = Debug|Any CPU
		{21C41351-95A0-B750-8DCA-6CF32D5D5464}.Debug|Any CPU.Build.0 = Debug|Any CPU
		{21C41351-95A0-B750-8DCA-6CF32D5D5464}.Release|Any CPU.ActiveCfg = Release|Any CPU
		{21C41351-95A0-B750-8DCA-6CF32D5D5464}.Release|Any CPU.Build.0 = Release|Any CPU
	EndGlobalSection
	GlobalSection(SolutionProperties) = preSolution
		HideSolutionNode = FALSE
	EndGlobalSection
	GlobalSection(ExtensibilityGlobals) = postSolution
		SolutionGuid = {497318BB-68DE-424F-A083-063B499DC84C}
	EndGlobalSection
EndGlobal
